
Microsoft Visual Studio Solution File, Format Version 12.00
# Visual Studio Version 17
VisualStudioVersion = 17.14.37012.4 d17.14
MinimumVisualStudioVersion = 10.0.40219.1
Project("{8BC9CEB8-8B4A-11D0-8D11-00A0C91BC942}") = "GAM150", "GAM150\GAM150.vcxproj", "{CA8CE284-EF81-4C5E-9EB5-07073448A1B2}"
EndProject
Global
	GlobalSection(SolutionConfigurationPlatforms) = preSolution
		Debug|x64 = Debug|x64
		Release|x64 = Release|x64
	EndGlobalSection
	GlobalSection(ProjectConfigurationPlatforms) = postSolution
		{CA8CE284-EF81-4C5E-9EB5-07073448A1B2}.Debug|x64.ActiveCfg = Debug|x64
		{CA8CE284-EF81-4C5E-9EB5-07073448A1B2}.Debug|x64.Build.0 = Debug|x64
		{CA8CE284-EF81-4C5E-9EB5-07073448A1B2}.Release|x64.ActiveCfg = Release|x64
		{CA8CE284-EF81-4C5E-9EB5-07073448A1B2}.Release|x64.Build.0 = Release|x64
	EndGlobalSection
	GlobalSection(SolutionProperties) = preSolution
		HideSolutionNode = FALSE
	EndGlobalSection
	GlobalSection(ExtensibilityGlobals) = postSolution
		SolutionGuid = {982A8E53-5974-45AB-8EFD-2EF4A16B3690}
	EndGlobalSection
EndGlobal
